
Microsoft Visual Studio Solution File, Format Version 12.00
# Visual Studio Version 17
VisualStudioVersion = 17.14.36908.2
MinimumVisualStudioVersion = 10.0.40219.1
Project("{2150E333-8FDC-42A3-9474-1A3956D46DE8}") = "src", "src", "{02EA681E-C7D8-13C7-8484-4AC65E1B71E8}"
EndProject
Project("{FAE04EC0-301F-11D3-BF4B-00C04F79EFBC}") = "ClinicProjectDomain", "DefaultAuthenticationDomain\ClinicProjectDomain.csproj", "{917BB137-C309-4E16-AE26-B95BBC681B2B}"
EndProject
Project("{FAE04EC0-301F-11D3-BF4B-00C04F79EFBC}") = "ClinicProjectApplication", "DefaultAuthenticationApplication\ClinicProjectApplication.csproj", "{9F5E6654-107A-4021-AB89-9161BDB27FD0}"
EndProject
Project("{FAE04EC0-301F-11D3-BF4B-00C04F79EFBC}") = "ClinicProjectInfrastructure", "DefaultAuthenticationInfrastructure\ClinicProjectInfrastructure.csproj", "{FE8DCBF8-9AAA-44FF-A11C-7E2EDEFDBD98}"
EndProject
Project("{FAE04EC0-301F-11D3-BF4B-00C04F79EFBC}") = "ClinicProjectApi", "DefaultAuthenticationApi\ClinicProjectApi.csproj", "{95FDEBD3-31D5-4505-88F3-26045341665A}"
EndProject
Global
	GlobalSection(SolutionConfigurationPlatforms) = preSolution
		Debug|Any CPU = Debug|Any CPU
		Release|Any CPU = Release|Any CPU
	EndGlobalSection
	GlobalSection(ProjectConfigurationPlatforms) = postSolution
		{917BB137-C309-4E16-AE26-B95BBC681B2B}.Debug|Any CPU.ActiveCfg = Debug|Any CPU
		{917BB137-C309-4E16-AE26-B95BBC681B2B}.Debug|Any CPU.Build.0 = Debug|Any CPU
		{917BB137-C309-4E16-AE26-B95BBC681B2B}.Release|Any CPU.ActiveCfg = Release|Any CPU
		{917BB137-C309-4E16-AE26-B95BBC681B2B}.Release|Any CPU.Build.0 = Release|Any CPU
		{9F5E6654-107A-4021-AB89-9161BDB27FD0}.Debug|Any CPU.ActiveCfg = Debug|Any CPU
		{9F5E6654-107A-4021-AB89-9161BDB27FD0}.Debug|Any CPU.Build.0 = Debug|Any CPU
		{9F5E6654-107A-4021-AB89-9161BDB27FD0}.Release|Any CPU.ActiveCfg = Release|Any CPU
		{9F5E6654-107A-4021-AB89-9161BDB27FD0}.Release|Any CPU.Build.0 = Release|Any CPU
		{FE8DCBF8-9AAA-44FF-A11C-7E2EDEFDBD98}.Debug|Any CPU.ActiveCfg = Debug|Any CPU
		{FE8DCBF8-9AAA-44FF-A11C-7E2EDEFDBD98}.Debug|Any CPU.Build.0 = Debug|Any CPU
		{FE8DCBF8-9AAA-44FF-A11C-7E2EDEFDBD98}.Release|Any CPU.ActiveCfg = Release|Any CPU
		{FE8DCBF8-9AAA-44FF-A11C-7E2EDEFDBD98}.Release|Any CPU.Build.0 = Release|Any CPU
		{95FDEBD3-31D5-4505-88F3-26045341665A}.Debug|Any CPU.ActiveCfg = Debug|Any CPU
		{95FDEBD3-31D5-4505-88F3-26045341665A}.Debug|Any CPU.Build.0 = Debug|Any CPU
		{95FDEBD3-31D5-4505-88F3-26045341665A}.Release|Any CPU.ActiveCfg = Release|Any CPU
		{95FDEBD3-31D5-4505-88F3-26045341665A}.Release|Any CPU.Build.0 = Release|Any CPU
	EndGlobalSection
	GlobalSection(SolutionProperties) = preSolution
		HideSolutionNode = FALSE
	EndGlobalSection
	GlobalSection(NestedProjects) = preSolution
		{917BB137-C309-4E16-AE26-B95BBC681B2B} = {02EA681E-C7D8-13C7-8484-4AC65E1B71E8}
		{9F5E6654-107A-4021-AB89-9161BDB27FD0} = {02EA681E-C7D8-13C7-8484-4AC65E1B71E8}
		{FE8DCBF8-9AAA-44FF-A11C-7E2EDEFDBD98} = {02EA681E-C7D8-13C7-8484-4AC65E1B71E8}
		{95FDEBD3-31D5-4505-88F3-26045341665A} = {02EA681E-C7D8-13C7-8484-4AC65E1B71E8}
	EndGlobalSection
	GlobalSection(ExtensibilityGlobals) = postSolution
		SolutionGuid = {48D2448A-10BF-49E0-9A32-C464BF31A207}
	EndGlobalSection
EndGlobal
