
Microsoft Visual Studio Solution File, Format Version 12.00
# Visual Studio Version 17
VisualStudioVersion = 17.14.36908.2 d17.14
MinimumVisualStudioVersion = 10.0.40219.1
Project("{FAE04EC0-301F-11D3-BF4B-00C04F79EFBC}") = "ClinicProjectApplication", "ClinicProjectApplication.csproj", "{32FE6683-29F1-2B17-E787-0EE90C7B12A9}"
EndProject
Global
	GlobalSection(SolutionConfigurationPlatforms) = preSolution
		Debug|Any CPU = Debug|Any CPU
		Release|Any CPU = Release|Any CPU
	EndGlobalSection
	GlobalSection(ProjectConfigurationPlatforms) = postSolution
		{32FE6683-29F1-2B17-E787-0EE90C7B12A9}.Debug|Any CPU.ActiveCfg = Debug|Any CPU
		{32FE6683-29F1-2B17-E787-0EE90C7B12A9}.Debug|Any CPU.Build.0 = Debug|Any CPU
		{32FE6683-29F1-2B17-E787-0EE90C7B12A9}.Release|Any CPU.ActiveCfg = Release|Any CPU
		{32FE6683-29F1-2B17-E787-0EE90C7B12A9}.Release|Any CPU.Build.0 = Release|Any CPU
	EndGlobalSection
	GlobalSection(SolutionProperties) = preSolution
		HideSolutionNode = FALSE
	EndGlobalSection
	GlobalSection(ExtensibilityGlobals) = postSolution
		SolutionGuid = {102E3C5F-358E-4A8C-85C7-B8F0F47259BB}
	EndGlobalSection
EndGlobal
